
Microsoft Visual Studio Solution File, Format Version 11.00
# Visual Studio 2010
Project("{8BC9CEB8-8B4A-11D0-8D11-00A0C91BC942}") = "lab5", "lab5.vcxproj", "{FDE6C803-008B-4F82-B93B-2725DD501D77}"
EndProject
Global
	GlobalSection(SolutionConfigurationPlatforms) = preSolution
		Debug|Win32 = Debug|Win32
		Release|Win32 = Release|Win32
	EndGlobalSection
	GlobalSection(ProjectConfigurationPlatforms) = postSolution
		{FDE6C803-008B-4F82-B93B-2725DD501D77}.Debug|Win32.ActiveCfg = Debug|Win32
		{FDE6C803-008B-4F82-B93B-2725DD501D77}.Debug|Win32.Build.0 = Debug|Win32
		{FDE6C803-008B-4F82-B93B-2725DD501D77}.Release|Win32.ActiveCfg = Release|Win32
		{FDE6C803-008B-4F82-B93B-2725DD501D77}.Release|Win32.Build.0 = Release|Win32
	EndGlobalSection
	GlobalSection(SolutionProperties) = preSolution
		HideSolutionNode = FALSE
	EndGlobalSection
EndGlobal
